
Microsoft Visual Studio Solution File, Format Version 12.00
# Visual Studio Version 17
VisualStudioVersion = 17.8.34309.116
MinimumVisualStudioVersion = 10.0.40219.1
Project("{FAE04EC0-301F-11D3-BF4B-00C04F79EFBC}") = "Examen", "Examen\Examen.csproj", "{BDEF8442-CB4B-467B-A14D-8C55679B60E6}"
EndProject
Global
	GlobalSection(SolutionConfigurationPlatforms) = preSolution
		Debug|Any CPU = Debug|Any CPU
		Release|Any CPU = Release|Any CPU
	EndGlobalSection
	GlobalSection(ProjectConfigurationPlatforms) = postSolution
		{BDEF8442-CB4B-467B-A14D-8C55679B60E6}.Debug|Any CPU.ActiveCfg = Debug|Any CPU
		{BDEF8442-CB4B-467B-A14D-8C55679B60E6}.Debug|Any CPU.Build.0 = Debug|Any CPU
		{BDEF8442-CB4B-467B-A14D-8C55679B60E6}.Release|Any CPU.ActiveCfg = Release|Any CPU
		{BDEF8442-CB4B-467B-A14D-8C55679B60E6}.Release|Any CPU.Build.0 = Release|Any CPU
	EndGlobalSection
	GlobalSection(SolutionProperties) = preSolution
		HideSolutionNode = FALSE
	EndGlobalSection
	GlobalSection(ExtensibilityGlobals) = postSolution
		SolutionGuid = {0F9421A1-F32B-4626-93A2-B482E77D31A0}
	EndGlobalSection
EndGlobal
